
Microsoft Visual Studio Solution File, Format Version 12.00
# Visual Studio Version 17
VisualStudioVersion = 17.13.35931.197 d17.13
MinimumVisualStudioVersion = 10.0.40219.1
Project("{FAE04EC0-301F-11D3-BF4B-00C04F79EFBC}") = "IncidentManagement.Api", "IncidentManagement.Api\IncidentManagement.Api.csproj", "{7E5A4DB1-7210-438D-8979-2ABD465264ED}"
EndProject
Project("{FAE04EC0-301F-11D3-BF4B-00C04F79EFBC}") = "IncidentManagement.Data", "IncidentManagement.Data\IncidentManagement.Data.csproj", "{786E9402-9E27-4299-B0D1-FCB83A683A3B}"
EndProject
Project("{FAE04EC0-301F-11D3-BF4B-00C04F79EFBC}") = "IncidentManagement.Domain", "IncidentManagement.Domain\IncidentManagement.Domain.csproj", "{9F9057C5-1C35-445F-B0B9-EEA0913E514F}"
EndProject
Global
	GlobalSection(SolutionConfigurationPlatforms) = preSolution
		Debug|Any CPU = Debug|Any CPU
		Release|Any CPU = Release|Any CPU
	EndGlobalSection
	GlobalSection(ProjectConfigurationPlatforms) = postSolution
		{7E5A4DB1-7210-438D-8979-2ABD465264ED}.Debug|Any CPU.ActiveCfg = Debug|Any CPU
		{7E5A4DB1-7210-438D-8979-2ABD465264ED}.Debug|Any CPU.Build.0 = Debug|Any CPU
		{7E5A4DB1-7210-438D-8979-2ABD465264ED}.Release|Any CPU.ActiveCfg = Release|Any CPU
		{7E5A4DB1-7210-438D-8979-2ABD465264ED}.Release|Any CPU.Build.0 = Release|Any CPU
		{786E9402-9E27-4299-B0D1-FCB83A683A3B}.Debug|Any CPU.ActiveCfg = Debug|Any CPU
		{786E9402-9E27-4299-B0D1-FCB83A683A3B}.Debug|Any CPU.Build.0 = Debug|Any CPU
		{786E9402-9E27-4299-B0D1-FCB83A683A3B}.Release|Any CPU.ActiveCfg = Release|Any CPU
		{786E9402-9E27-4299-B0D1-FCB83A683A3B}.Release|Any CPU.Build.0 = Release|Any CPU
		{9F9057C5-1C35-445F-B0B9-EEA0913E514F}.Debug|Any CPU.ActiveCfg = Debug|Any CPU
		{9F9057C5-1C35-445F-B0B9-EEA0913E514F}.Debug|Any CPU.Build.0 = Debug|Any CPU
		{9F9057C5-1C35-445F-B0B9-EEA0913E514F}.Release|Any CPU.ActiveCfg = Release|Any CPU
		{9F9057C5-1C35-445F-B0B9-EEA0913E514F}.Release|Any CPU.Build.0 = Release|Any CPU
	EndGlobalSection
	GlobalSection(SolutionProperties) = preSolution
		HideSolutionNode = FALSE
	EndGlobalSection
	GlobalSection(ExtensibilityGlobals) = postSolution
		SolutionGuid = {4E8C4F5D-CE78-4CC7-AC9C-1DC9B3432B95}
	EndGlobalSection
EndGlobal
